
Microsoft Visual Studio Solution File, Format Version 12.00
# Visual Studio Version 17
VisualStudioVersion = 17.10.35013.160
MinimumVisualStudioVersion = 10.0.40219.1
Project("{FAE04EC0-301F-11D3-BF4B-00C04F79EFBC}") = "Demo01", "Demo01\Demo01.csproj", "{2ED28ECD-9A78-4FBF-9135-088ED99E4A2A}"
EndProject
Project("{FAE04EC0-301F-11D3-BF4B-00C04F79EFBC}") = "Exo01_Parse", "Exo01_Parse\Exo01_Parse.csproj", "{C5B027F9-8352-4AB4-B2B5-F08F6EC13842}"
EndProject
Project("{FAE04EC0-301F-11D3-BF4B-00C04F79EFBC}") = "Exo02_TryParse", "Exo02_TryParse\Exo02_TryParse.csproj", "{5DB94E53-91D3-4373-ADD8-2E6827C2DE4C}"
EndProject
Project("{FAE04EC0-301F-11D3-BF4B-00C04F79EFBC}") = "ExoSup01_Casting", "ExoSup01_Casting\ExoSup01_Casting.csproj", "{6260DC8B-4FE5-4E07-A703-4A004C145CAE}"
EndProject
Project("{2150E333-8FDC-42A3-9474-1A3956D46DE8}") = "Démonstrations", "Démonstrations", "{AB054056-0869-4C9A-BFAA-31445D3E6AFF}"
EndProject
Project("{2150E333-8FDC-42A3-9474-1A3956D46DE8}") = "Exercices", "Exercices", "{ABD1BF7E-DAA1-442B-9987-8875D3424BF9}"
EndProject
Project("{FAE04EC0-301F-11D3-BF4B-00C04F79EFBC}") = "Demo02_Conditionnel", "Demo02_Conditionnel\Demo02_Conditionnel.csproj", "{3ABA5F1C-10B7-4722-BB5B-A040147A38CC}"
EndProject
Project("{FAE04EC0-301F-11D3-BF4B-00C04F79EFBC}") = "Demo03_Switch", "Demo03_Switch\Demo03_Switch.csproj", "{CF2750A5-B19D-4CC7-B983-FB546AA32BAA}"
EndProject
Project("{FAE04EC0-301F-11D3-BF4B-00C04F79EFBC}") = "Exo03_Condition", "Exo03_Condition\Exo03_Condition.csproj", "{2838177E-5FB5-4729-BB3C-F2C1507C036D}"
EndProject
Project("{FAE04EC0-301F-11D3-BF4B-00C04F79EFBC}") = "ExoSup02_Condition", "ExoSup02_Condition\ExoSup02_Condition.csproj", "{AEA8239F-4179-4FB3-97B1-9BD78074EA64}"
EndProject
Global
	GlobalSection(SolutionConfigurationPlatforms) = preSolution
		Debug|Any CPU = Debug|Any CPU
		Release|Any CPU = Release|Any CPU
	EndGlobalSection
	GlobalSection(ProjectConfigurationPlatforms) = postSolution
		{2ED28ECD-9A78-4FBF-9135-088ED99E4A2A}.Debug|Any CPU.ActiveCfg = Debug|Any CPU
		{2ED28ECD-9A78-4FBF-9135-088ED99E4A2A}.Debug|Any CPU.Build.0 = Debug|Any CPU
		{2ED28ECD-9A78-4FBF-9135-088ED99E4A2A}.Release|Any CPU.ActiveCfg = Release|Any CPU
		{2ED28ECD-9A78-4FBF-9135-088ED99E4A2A}.Release|Any CPU.Build.0 = Release|Any CPU
		{C5B027F9-8352-4AB4-B2B5-F08F6EC13842}.Debug|Any CPU.ActiveCfg = Debug|Any CPU
		{C5B027F9-8352-4AB4-B2B5-F08F6EC13842}.Debug|Any CPU.Build.0 = Debug|Any CPU
		{C5B027F9-8352-4AB4-B2B5-F08F6EC13842}.Release|Any CPU.ActiveCfg = Release|Any CPU
		{C5B027F9-8352-4AB4-B2B5-F08F6EC13842}.Release|Any CPU.Build.0 = Release|Any CPU
		{5DB94E53-91D3-4373-ADD8-2E6827C2DE4C}.Debug|Any CPU.ActiveCfg = Debug|Any CPU
		{5DB94E53-91D3-4373-ADD8-2E6827C2DE4C}.Debug|Any CPU.Build.0 = Debug|Any CPU
		{5DB94E53-91D3-4373-ADD8-2E6827C2DE4C}.Release|Any CPU.ActiveCfg = Release|Any CPU
		{5DB94E53-91D3-4373-ADD8-2E6827C2DE4C}.Release|Any CPU.Build.0 = Release|Any CPU
		{6260DC8B-4FE5-4E07-A703-4A004C145CAE}.Debug|Any CPU.ActiveCfg = Debug|Any CPU
		{6260DC8B-4FE5-4E07-A703-4A004C145CAE}.Debug|Any CPU.Build.0 = Debug|Any CPU
		{6260DC8B-4FE5-4E07-A703-4A004C145CAE}.Release|Any CPU.ActiveCfg = Release|Any CPU
		{6260DC8B-4FE5-4E07-A703-4A004C145CAE}.Release|Any CPU.Build.0 = Release|Any CPU
		{3ABA5F1C-10B7-4722-BB5B-A040147A38CC}.Debug|Any CPU.ActiveCfg = Debug|Any CPU
		{3ABA5F1C-10B7-4722-BB5B-A040147A38CC}.Debug|Any CPU.Build.0 = Debug|Any CPU
		{3ABA5F1C-10B7-4722-BB5B-A040147A38CC}.Release|Any CPU.ActiveCfg = Release|Any CPU
		{3ABA5F1C-10B7-4722-BB5B-A040147A38CC}.Release|Any CPU.Build.0 = Release|Any CPU
		{CF2750A5-B19D-4CC7-B983-FB546AA32BAA}.Debug|Any CPU.ActiveCfg = Debug|Any CPU
		{CF2750A5-B19D-4CC7-B983-FB546AA32BAA}.Debug|Any CPU.Build.0 = Debug|Any CPU
		{CF2750A5-B19D-4CC7-B983-FB546AA32BAA}.Release|Any CPU.ActiveCfg = Release|Any CPU
		{CF2750A5-B19D-4CC7-B983-FB546AA32BAA}.Release|Any CPU.Build.0 = Release|Any CPU
		{2838177E-5FB5-4729-BB3C-F2C1507C036D}.Debug|Any CPU.ActiveCfg = Debug|Any CPU
		{2838177E-5FB5-4729-BB3C-F2C1507C036D}.Debug|Any CPU.Build.0 = Debug|Any CPU
		{2838177E-5FB5-4729-BB3C-F2C1507C036D}.Release|Any CPU.ActiveCfg = Release|Any CPU
		{2838177E-5FB5-4729-BB3C-F2C1507C036D}.Release|Any CPU.Build.0 = Release|Any CPU
		{AEA8239F-4179-4FB3-97B1-9BD78074EA64}.Debug|Any CPU.ActiveCfg = Debug|Any CPU
		{AEA8239F-4179-4FB3-97B1-9BD78074EA64}.Debug|Any CPU.Build.0 = Debug|Any CPU
		{AEA8239F-4179-4FB3-97B1-9BD78074EA64}.Release|Any CPU.ActiveCfg = Release|Any CPU
		{AEA8239F-4179-4FB3-97B1-9BD78074EA64}.Release|Any CPU.Build.0 = Release|Any CPU
	EndGlobalSection
	GlobalSection(SolutionProperties) = preSolution
		HideSolutionNode = FALSE
	EndGlobalSection
	GlobalSection(NestedProjects) = preSolution
		{2ED28ECD-9A78-4FBF-9135-088ED99E4A2A} = {AB054056-0869-4C9A-BFAA-31445D3E6AFF}
		{C5B027F9-8352-4AB4-B2B5-F08F6EC13842} = {ABD1BF7E-DAA1-442B-9987-8875D3424BF9}
		{5DB94E53-91D3-4373-ADD8-2E6827C2DE4C} = {ABD1BF7E-DAA1-442B-9987-8875D3424BF9}
		{6260DC8B-4FE5-4E07-A703-4A004C145CAE} = {ABD1BF7E-DAA1-442B-9987-8875D3424BF9}
		{3ABA5F1C-10B7-4722-BB5B-A040147A38CC} = {AB054056-0869-4C9A-BFAA-31445D3E6AFF}
		{CF2750A5-B19D-4CC7-B983-FB546AA32BAA} = {AB054056-0869-4C9A-BFAA-31445D3E6AFF}
		{2838177E-5FB5-4729-BB3C-F2C1507C036D} = {ABD1BF7E-DAA1-442B-9987-8875D3424BF9}
		{AEA8239F-4179-4FB3-97B1-9BD78074EA64} = {ABD1BF7E-DAA1-442B-9987-8875D3424BF9}
	EndGlobalSection
	GlobalSection(ExtensibilityGlobals) = postSolution
		SolutionGuid = {3DDEB295-F795-44CB-A439-4E8C0344C913}
	EndGlobalSection
EndGlobal
